
Microsoft Visual Studio Solution File, Format Version 12.00
# Visual Studio Version 16
VisualStudioVersion = 16.0.31515.178
MinimumVisualStudioVersion = 10.0.40219.1
Project("{9A19103F-16F7-4668-BE54-9A1E7A4F7556}") = "Entities", "Entities\Entities.csproj", "{8E320ACB-DB4F-4555-A1DE-E471007B0D82}"
EndProject
Project("{9A19103F-16F7-4668-BE54-9A1E7A4F7556}") = "Business", "Business\Business.csproj", "{8B99AA3C-BBA6-4286-87FC-61667430FB7F}"
EndProject
Project("{9A19103F-16F7-4668-BE54-9A1E7A4F7556}") = "WEBAPI", "WEBAPI\WEBAPI.csproj", "{60D963C4-31CC-413B-8E9D-8C804E78D421}"
EndProject
Project("{9A19103F-16F7-4668-BE54-9A1E7A4F7556}") = "Core", "Core\Core.csproj", "{F16D8ED1-5DEF-474C-9755-02C367E49988}"
EndProject
Project("{9A19103F-16F7-4668-BE54-9A1E7A4F7556}") = "DataAccess", "DataAccess\DataAccess.csproj", "{5299FD07-734B-4549-A735-C7B6A7B9DB08}"
EndProject
Global
	GlobalSection(SolutionConfigurationPlatforms) = preSolution
		Debug|Any CPU = Debug|Any CPU
		Release|Any CPU = Release|Any CPU
	EndGlobalSection
	GlobalSection(ProjectConfigurationPlatforms) = postSolution
		{8E320ACB-DB4F-4555-A1DE-E471007B0D82}.Debug|Any CPU.ActiveCfg = Debug|Any CPU
		{8E320ACB-DB4F-4555-A1DE-E471007B0D82}.Debug|Any CPU.Build.0 = Debug|Any CPU
		{8E320ACB-DB4F-4555-A1DE-E471007B0D82}.Release|Any CPU.ActiveCfg = Release|Any CPU
		{8E320ACB-DB4F-4555-A1DE-E471007B0D82}.Release|Any CPU.Build.0 = Release|Any CPU
		{8B99AA3C-BBA6-4286-87FC-61667430FB7F}.Debug|Any CPU.ActiveCfg = Debug|Any CPU
		{8B99AA3C-BBA6-4286-87FC-61667430FB7F}.Debug|Any CPU.Build.0 = Debug|Any CPU
		{8B99AA3C-BBA6-4286-87FC-61667430FB7F}.Release|Any CPU.ActiveCfg = Release|Any CPU
		{8B99AA3C-BBA6-4286-87FC-61667430FB7F}.Release|Any CPU.Build.0 = Release|Any CPU
		{60D963C4-31CC-413B-8E9D-8C804E78D421}.Debug|Any CPU.ActiveCfg = Debug|Any CPU
		{60D963C4-31CC-413B-8E9D-8C804E78D421}.Debug|Any CPU.Build.0 = Debug|Any CPU
		{60D963C4-31CC-413B-8E9D-8C804E78D421}.Release|Any CPU.ActiveCfg = Release|Any CPU
		{60D963C4-31CC-413B-8E9D-8C804E78D421}.Release|Any CPU.Build.0 = Release|Any CPU
		{F16D8ED1-5DEF-474C-9755-02C367E49988}.Debug|Any CPU.ActiveCfg = Debug|Any CPU
		{F16D8ED1-5DEF-474C-9755-02C367E49988}.Debug|Any CPU.Build.0 = Debug|Any CPU
		{F16D8ED1-5DEF-474C-9755-02C367E49988}.Release|Any CPU.ActiveCfg = Release|Any CPU
		{F16D8ED1-5DEF-474C-9755-02C367E49988}.Release|Any CPU.Build.0 = Release|Any CPU
		{5299FD07-734B-4549-A735-C7B6A7B9DB08}.Debug|Any CPU.ActiveCfg = Debug|Any CPU
		{5299FD07-734B-4549-A735-C7B6A7B9DB08}.Debug|Any CPU.Build.0 = Debug|Any CPU
		{5299FD07-734B-4549-A735-C7B6A7B9DB08}.Release|Any CPU.ActiveCfg = Release|Any CPU
		{5299FD07-734B-4549-A735-C7B6A7B9DB08}.Release|Any CPU.Build.0 = Release|Any CPU
	EndGlobalSection
	GlobalSection(SolutionProperties) = preSolution
		HideSolutionNode = FALSE
	EndGlobalSection
	GlobalSection(ExtensibilityGlobals) = postSolution
		SolutionGuid = {2B36BC70-FCA3-4D39-BC9B-91BA64A44569}
	EndGlobalSection
EndGlobal
